
Microsoft Visual Studio Solution File, Format Version 12.00
# Visual Studio 2013
VisualStudioVersion = 12.0.40629.0
MinimumVisualStudioVersion = 10.0.40219.1
Project("{FAE04EC0-301F-11D3-BF4B-00C04F79EFBC}") = "Jal.Settings", "Jal.Settings\Jal.Settings.csproj", "{56393C50-9E04-47E5-A9D7-C9489BF57AAD}"
EndProject
Project("{FAE04EC0-301F-11D3-BF4B-00C04F79EFBC}") = "Jal.Settings.Installer", "Jal.Settings.Installer\Jal.Settings.Installer.csproj", "{BC4B935B-200A-4CF9-9C70-FA0307B9ACB8}"
EndProject
Project("{2150E333-8FDC-42A3-9474-1A3956D46DE8}") = ".nuget", ".nuget", "{3EAA8F0D-B774-468C-AF77-D93CDAAD9343}"
	ProjectSection(SolutionItems) = preProject
		.nuget\packages.config = .nuget\packages.config
	EndProjectSection
EndProject
Global
	GlobalSection(SolutionConfigurationPlatforms) = preSolution
		Debug|Any CPU = Debug|Any CPU
		Release|Any CPU = Release|Any CPU
	EndGlobalSection
	GlobalSection(ProjectConfigurationPlatforms) = postSolution
		{56393C50-9E04-47E5-A9D7-C9489BF57AAD}.Debug|Any CPU.ActiveCfg = Debug|Any CPU
		{56393C50-9E04-47E5-A9D7-C9489BF57AAD}.Debug|Any CPU.Build.0 = Debug|Any CPU
		{56393C50-9E04-47E5-A9D7-C9489BF57AAD}.Release|Any CPU.ActiveCfg = Release|Any CPU
		{56393C50-9E04-47E5-A9D7-C9489BF57AAD}.Release|Any CPU.Build.0 = Release|Any CPU
		{BC4B935B-200A-4CF9-9C70-FA0307B9ACB8}.Debug|Any CPU.ActiveCfg = Debug|Any CPU
		{BC4B935B-200A-4CF9-9C70-FA0307B9ACB8}.Debug|Any CPU.Build.0 = Debug|Any CPU
		{BC4B935B-200A-4CF9-9C70-FA0307B9ACB8}.Release|Any CPU.ActiveCfg = Release|Any CPU
		{BC4B935B-200A-4CF9-9C70-FA0307B9ACB8}.Release|Any CPU.Build.0 = Release|Any CPU
	EndGlobalSection
	GlobalSection(SolutionProperties) = preSolution
		HideSolutionNode = FALSE
	EndGlobalSection
EndGlobal
